// !$*UTF8*$!
{
	archiveVersion = 1;
	classes = {
	};
	objectVersion = 60;
	objects = {

/* Begin PBXBuildFile section */
		5F2142102DD69E3E8AB0E9A6 /* Pods_ToDoAppTests.framework in Frameworks */ = {isa = PBXBuildFile; fileRef = C4C61EE8296706DFAFB52F8E /* Pods_ToDoAppTests.framework */; };
		6A7B5EC066BE789ECE461CD7 /* Pods_ToDoApp_ToDoAppUITests.framework in Frameworks */ = {isa = PBXBuildFile; fileRef = CFF5AE64CFDA0C3B02FB93E8 /* Pods_ToDoApp_ToDoAppUITests.framework */; };
		8A165A9D2C3EEBF900538BAF /* CocoaLumberjack in Frameworks */ = {isa = PBXBuildFile; productRef = 8A165A9C2C3EEBF900538BAF /* CocoaLumberjack */; };
		8A165A9F2C3EEBF900538BAF /* CocoaLumberjackSwift in Frameworks */ = {isa = PBXBuildFile; productRef = 8A165A9E2C3EEBF900538BAF /* CocoaLumberjackSwift */; };
		8A1E2C582C20325900B0EEFB /* ToDoAppApp.swift in Sources */ = {isa = PBXBuildFile; fileRef = 8A1E2C572C20325900B0EEFB /* ToDoAppApp.swift */; };
		8A1E2C5A2C20325900B0EEFB /* HomeView.swift in Sources */ = {isa = PBXBuildFile; fileRef = 8A1E2C592C20325900B0EEFB /* HomeView.swift */; };
		8A1E2C5C2C20325B00B0EEFB /* Assets.xcassets in Resources */ = {isa = PBXBuildFile; fileRef = 8A1E2C5B2C20325B00B0EEFB /* Assets.xcassets */; };
		8A1E2C5F2C20325B00B0EEFB /* Preview Assets.xcassets in Resources */ = {isa = PBXBuildFile; fileRef = 8A1E2C5E2C20325B00B0EEFB /* Preview Assets.xcassets */; };
		8A1E2C692C20325B00B0EEFB /* ToDoAppTests.swift in Sources */ = {isa = PBXBuildFile; fileRef = 8A1E2C682C20325B00B0EEFB /* ToDoAppTests.swift */; };
		8A1E2C732C20325B00B0EEFB /* ToDoAppUITests.swift in Sources */ = {isa = PBXBuildFile; fileRef = 8A1E2C722C20325B00B0EEFB /* ToDoAppUITests.swift */; };
		8A1E2C752C20325B00B0EEFB /* ToDoAppUITestsLaunchTests.swift in Sources */ = {isa = PBXBuildFile; fileRef = 8A1E2C742C20325B00B0EEFB /* ToDoAppUITestsLaunchTests.swift */; };
		8A2D52EC2C41986100DD33F0 /* FileCacheLibrary in Frameworks */ = {isa = PBXBuildFile; productRef = 8A2D52EB2C41986100DD33F0 /* FileCacheLibrary */; };
		8A2D52F42C41A19600DD33F0 /* URLSession.Extension.swift in Sources */ = {isa = PBXBuildFile; fileRef = 8A2D52F32C41A19600DD33F0 /* URLSession.Extension.swift */; };
		8A345D222C25FA51000A317C /* Importance.swift in Sources */ = {isa = PBXBuildFile; fileRef = 8A345D212C25FA51000A317C /* Importance.swift */; };
		8A345D242C25FA7D000A317C /* TodoItem.swift in Sources */ = {isa = PBXBuildFile; fileRef = 8A345D232C25FA7D000A317C /* TodoItem.swift */; };
		8A345D262C25FA9E000A317C /* TodoItem.Extension.swift in Sources */ = {isa = PBXBuildFile; fileRef = 8A345D252C25FA9E000A317C /* TodoItem.Extension.swift */; };
		8A47475C2C3D300C0021EDBC /* ColorPicker.swift in Sources */ = {isa = PBXBuildFile; fileRef = 8A47475B2C3D300C0021EDBC /* ColorPicker.swift */; };
		8A47475E2C3D30B50021EDBC /* Slider.swift in Sources */ = {isa = PBXBuildFile; fileRef = 8A47475D2C3D30B50021EDBC /* Slider.swift */; };
		8A4747602C3D31EE0021EDBC /* Color.Extension.swift in Sources */ = {isa = PBXBuildFile; fileRef = 8A47475F2C3D31EE0021EDBC /* Color.Extension.swift */; };
		8A5C92392C2728FD00DE5757 /* ImportancePicker.swift in Sources */ = {isa = PBXBuildFile; fileRef = 8A5C92382C2728FD00DE5757 /* ImportancePicker.swift */; };
		8A5C923B2C2806FF00DE5757 /* DetailTodoView.swift in Sources */ = {isa = PBXBuildFile; fileRef = 8A5C923A2C2806FF00DE5757 /* DetailTodoView.swift */; };
		8A66BFE72C3BE89900B86F16 /* TodoListView.iPadOS.swift in Sources */ = {isa = PBXBuildFile; fileRef = 8A66BFE62C3BE89900B86F16 /* TodoListView.iPadOS.swift */; };
		8A8381C72C29BCC200D0B4A9 /* FileExtension.swift in Sources */ = {isa = PBXBuildFile; fileRef = 8A8381C62C29BCC200D0B4A9 /* FileExtension.swift */; };
		8AF3AEE22C37F55F00D207CD /* TodoListViewModel.swift in Sources */ = {isa = PBXBuildFile; fileRef = 8AF3AEE12C37F55F00D207CD /* TodoListViewModel.swift */; };
		8AF4963B2C37266A00AA9393 /* DetailTodoViewModel.swift in Sources */ = {isa = PBXBuildFile; fileRef = 8AF4963A2C37266A00AA9393 /* DetailTodoViewModel.swift */; };
		8AF6E2E82C260E1B0097997A /* TodoListView.iOS.swift in Sources */ = {isa = PBXBuildFile; fileRef = 8AF6E2E72C260E1B0097997A /* TodoListView.iOS.swift */; };
		8AF6E2EA2C2612BD0097997A /* TodoItemView.swift in Sources */ = {isa = PBXBuildFile; fileRef = 8AF6E2E92C2612BD0097997A /* TodoItemView.swift */; };
		8AF6E2ED2C2617200097997A /* IsCompletedButton.swift in Sources */ = {isa = PBXBuildFile; fileRef = 8AF6E2EC2C2617200097997A /* IsCompletedButton.swift */; };
		8AF6E2F12C262DA70097997A /* View.Extension.swift in Sources */ = {isa = PBXBuildFile; fileRef = 8AF6E2F02C262DA70097997A /* View.Extension.swift */; };
		8AF6E2F32C2638810097997A /* DateFormatter.Extension.swift in Sources */ = {isa = PBXBuildFile; fileRef = 8AF6E2F22C2638810097997A /* DateFormatter.Extension.swift */; };
		910034D9F9B0118D67D8B64C /* Pods_ToDoApp.framework in Frameworks */ = {isa = PBXBuildFile; fileRef = 2AF3AA29CADCBEA9B6BD5A29 /* Pods_ToDoApp.framework */; };
/* End PBXBuildFile section */

/* Begin PBXContainerItemProxy section */
		8A1E2C652C20325B00B0EEFB /* PBXContainerItemProxy */ = {
			isa = PBXContainerItemProxy;
			containerPortal = 8A1E2C4C2C20325900B0EEFB /* Project object */;
			proxyType = 1;
			remoteGlobalIDString = 8A1E2C532C20325900B0EEFB;
			remoteInfo = ToDoApp;
		};
		8A1E2C6F2C20325B00B0EEFB /* PBXContainerItemProxy */ = {
			isa = PBXContainerItemProxy;
			containerPortal = 8A1E2C4C2C20325900B0EEFB /* Project object */;
			proxyType = 1;
			remoteGlobalIDString = 8A1E2C532C20325900B0EEFB;
			remoteInfo = ToDoApp;
		};
/* End PBXContainerItemProxy section */

/* Begin PBXFileReference section */
		06674655A703A33B8C86B8AE /* Pods-ToDoAppTests.release.xcconfig */ = {isa = PBXFileReference; includeInIndex = 1; lastKnownFileType = text.xcconfig; name = "Pods-ToDoAppTests.release.xcconfig"; path = "Target Support Files/Pods-ToDoAppTests/Pods-ToDoAppTests.release.xcconfig"; sourceTree = "<group>"; };
		20354D6AB5FD030FE4A1CCEB /* Pods-ToDoApp-ToDoAppUITests.release.xcconfig */ = {isa = PBXFileReference; includeInIndex = 1; lastKnownFileType = text.xcconfig; name = "Pods-ToDoApp-ToDoAppUITests.release.xcconfig"; path = "Target Support Files/Pods-ToDoApp-ToDoAppUITests/Pods-ToDoApp-ToDoAppUITests.release.xcconfig"; sourceTree = "<group>"; };
		2AF3AA29CADCBEA9B6BD5A29 /* Pods_ToDoApp.framework */ = {isa = PBXFileReference; explicitFileType = wrapper.framework; includeInIndex = 0; path = Pods_ToDoApp.framework; sourceTree = BUILT_PRODUCTS_DIR; };
		43DEA4A3D0BF8AB7A7691D53 /* Pods-ToDoApp-ToDoAppUITests.debug.xcconfig */ = {isa = PBXFileReference; includeInIndex = 1; lastKnownFileType = text.xcconfig; name = "Pods-ToDoApp-ToDoAppUITests.debug.xcconfig"; path = "Target Support Files/Pods-ToDoApp-ToDoAppUITests/Pods-ToDoApp-ToDoAppUITests.debug.xcconfig"; sourceTree = "<group>"; };
		84C8AFB8B2CB05EC780D4824 /* Pods-ToDoApp.release.xcconfig */ = {isa = PBXFileReference; includeInIndex = 1; lastKnownFileType = text.xcconfig; name = "Pods-ToDoApp.release.xcconfig"; path = "Target Support Files/Pods-ToDoApp/Pods-ToDoApp.release.xcconfig"; sourceTree = "<group>"; };
		8A1E2C542C20325900B0EEFB /* ToDoApp.app */ = {isa = PBXFileReference; explicitFileType = wrapper.application; includeInIndex = 0; path = ToDoApp.app; sourceTree = BUILT_PRODUCTS_DIR; };
		8A1E2C572C20325900B0EEFB /* ToDoAppApp.swift */ = {isa = PBXFileReference; lastKnownFileType = sourcecode.swift; path = ToDoAppApp.swift; sourceTree = "<group>"; };
		8A1E2C592C20325900B0EEFB /* HomeView.swift */ = {isa = PBXFileReference; lastKnownFileType = sourcecode.swift; path = HomeView.swift; sourceTree = "<group>"; };
		8A1E2C5B2C20325B00B0EEFB /* Assets.xcassets */ = {isa = PBXFileReference; lastKnownFileType = folder.assetcatalog; path = Assets.xcassets; sourceTree = "<group>"; };
		8A1E2C5E2C20325B00B0EEFB /* Preview Assets.xcassets */ = {isa = PBXFileReference; lastKnownFileType = folder.assetcatalog; path = "Preview Assets.xcassets"; sourceTree = "<group>"; };
		8A1E2C642C20325B00B0EEFB /* ToDoAppTests.xctest */ = {isa = PBXFileReference; explicitFileType = wrapper.cfbundle; includeInIndex = 0; path = ToDoAppTests.xctest; sourceTree = BUILT_PRODUCTS_DIR; };
		8A1E2C682C20325B00B0EEFB /* ToDoAppTests.swift */ = {isa = PBXFileReference; lastKnownFileType = sourcecode.swift; path = ToDoAppTests.swift; sourceTree = "<group>"; };
		8A1E2C6E2C20325B00B0EEFB /* ToDoAppUITests.xctest */ = {isa = PBXFileReference; explicitFileType = wrapper.cfbundle; includeInIndex = 0; path = ToDoAppUITests.xctest; sourceTree = BUILT_PRODUCTS_DIR; };
		8A1E2C722C20325B00B0EEFB /* ToDoAppUITests.swift */ = {isa = PBXFileReference; lastKnownFileType = sourcecode.swift; path = ToDoAppUITests.swift; sourceTree = "<group>"; };
		8A1E2C742C20325B00B0EEFB /* ToDoAppUITestsLaunchTests.swift */ = {isa = PBXFileReference; lastKnownFileType = sourcecode.swift; path = ToDoAppUITestsLaunchTests.swift; sourceTree = "<group>"; };
		8A2D52F32C41A19600DD33F0 /* URLSession.Extension.swift */ = {isa = PBXFileReference; lastKnownFileType = sourcecode.swift; path = URLSession.Extension.swift; sourceTree = "<group>"; };
		8A345D212C25FA51000A317C /* Importance.swift */ = {isa = PBXFileReference; lastKnownFileType = sourcecode.swift; path = Importance.swift; sourceTree = "<group>"; };
		8A345D232C25FA7D000A317C /* TodoItem.swift */ = {isa = PBXFileReference; lastKnownFileType = sourcecode.swift; path = TodoItem.swift; sourceTree = "<group>"; };
		8A345D252C25FA9E000A317C /* TodoItem.Extension.swift */ = {isa = PBXFileReference; lastKnownFileType = sourcecode.swift; path = TodoItem.Extension.swift; sourceTree = "<group>"; };
		8A47475B2C3D300C0021EDBC /* ColorPicker.swift */ = {isa = PBXFileReference; lastKnownFileType = sourcecode.swift; path = ColorPicker.swift; sourceTree = "<group>"; };
		8A47475D2C3D30B50021EDBC /* Slider.swift */ = {isa = PBXFileReference; lastKnownFileType = sourcecode.swift; path = Slider.swift; sourceTree = "<group>"; };
		8A47475F2C3D31EE0021EDBC /* Color.Extension.swift */ = {isa = PBXFileReference; lastKnownFileType = sourcecode.swift; path = Color.Extension.swift; sourceTree = "<group>"; };
		8A5C92382C2728FD00DE5757 /* ImportancePicker.swift */ = {isa = PBXFileReference; lastKnownFileType = sourcecode.swift; path = ImportancePicker.swift; sourceTree = "<group>"; };
		8A5C923A2C2806FF00DE5757 /* DetailTodoView.swift */ = {isa = PBXFileReference; lastKnownFileType = sourcecode.swift; path = DetailTodoView.swift; sourceTree = "<group>"; };
		8A66BFE62C3BE89900B86F16 /* TodoListView.iPadOS.swift */ = {isa = PBXFileReference; lastKnownFileType = sourcecode.swift; path = TodoListView.iPadOS.swift; sourceTree = "<group>"; };
		8A8381C62C29BCC200D0B4A9 /* FileExtension.swift */ = {isa = PBXFileReference; lastKnownFileType = sourcecode.swift; path = FileExtension.swift; sourceTree = "<group>"; };
		8AF3AEE12C37F55F00D207CD /* TodoListViewModel.swift */ = {isa = PBXFileReference; lastKnownFileType = sourcecode.swift; path = TodoListViewModel.swift; sourceTree = "<group>"; };
		8AF4963A2C37266A00AA9393 /* DetailTodoViewModel.swift */ = {isa = PBXFileReference; lastKnownFileType = sourcecode.swift; path = DetailTodoViewModel.swift; sourceTree = "<group>"; };
		8AF6E2E72C260E1B0097997A /* TodoListView.iOS.swift */ = {isa = PBXFileReference; lastKnownFileType = sourcecode.swift; path = TodoListView.iOS.swift; sourceTree = "<group>"; };
		8AF6E2E92C2612BD0097997A /* TodoItemView.swift */ = {isa = PBXFileReference; lastKnownFileType = sourcecode.swift; path = TodoItemView.swift; sourceTree = "<group>"; };
		8AF6E2EC2C2617200097997A /* IsCompletedButton.swift */ = {isa = PBXFileReference; lastKnownFileType = sourcecode.swift; path = IsCompletedButton.swift; sourceTree = "<group>"; };
		8AF6E2F02C262DA70097997A /* View.Extension.swift */ = {isa = PBXFileReference; lastKnownFileType = sourcecode.swift; path = View.Extension.swift; sourceTree = "<group>"; };
		8AF6E2F22C2638810097997A /* DateFormatter.Extension.swift */ = {isa = PBXFileReference; lastKnownFileType = sourcecode.swift; path = DateFormatter.Extension.swift; sourceTree = "<group>"; };
		B0C5FD0988A3736555A48A2B /* Pods-ToDoApp.debug.xcconfig */ = {isa = PBXFileReference; includeInIndex = 1; lastKnownFileType = text.xcconfig; name = "Pods-ToDoApp.debug.xcconfig"; path = "Target Support Files/Pods-ToDoApp/Pods-ToDoApp.debug.xcconfig"; sourceTree = "<group>"; };
		C4C61EE8296706DFAFB52F8E /* Pods_ToDoAppTests.framework */ = {isa = PBXFileReference; explicitFileType = wrapper.framework; includeInIndex = 0; path = Pods_ToDoAppTests.framework; sourceTree = BUILT_PRODUCTS_DIR; };
		CFF5AE64CFDA0C3B02FB93E8 /* Pods_ToDoApp_ToDoAppUITests.framework */ = {isa = PBXFileReference; explicitFileType = wrapper.framework; includeInIndex = 0; path = Pods_ToDoApp_ToDoAppUITests.framework; sourceTree = BUILT_PRODUCTS_DIR; };
		DC0522943183D499B09A17DE /* Pods-ToDoAppTests.debug.xcconfig */ = {isa = PBXFileReference; includeInIndex = 1; lastKnownFileType = text.xcconfig; name = "Pods-ToDoAppTests.debug.xcconfig"; path = "Target Support Files/Pods-ToDoAppTests/Pods-ToDoAppTests.debug.xcconfig"; sourceTree = "<group>"; };
/* End PBXFileReference section */

/* Begin PBXFrameworksBuildPhase section */
		8A1E2C512C20325900B0EEFB /* Frameworks */ = {
			isa = PBXFrameworksBuildPhase;
			buildActionMask = 2147483647;
			files = (
				8A165A9F2C3EEBF900538BAF /* CocoaLumberjackSwift in Frameworks */,
				8A2D52EC2C41986100DD33F0 /* FileCacheLibrary in Frameworks */,
				8A165A9D2C3EEBF900538BAF /* CocoaLumberjack in Frameworks */,
				910034D9F9B0118D67D8B64C /* Pods_ToDoApp.framework in Frameworks */,
			);
			runOnlyForDeploymentPostprocessing = 0;
		};
		8A1E2C612C20325B00B0EEFB /* Frameworks */ = {
			isa = PBXFrameworksBuildPhase;
			buildActionMask = 2147483647;
			files = (
				5F2142102DD69E3E8AB0E9A6 /* Pods_ToDoAppTests.framework in Frameworks */,
			);
			runOnlyForDeploymentPostprocessing = 0;
		};
		8A1E2C6B2C20325B00B0EEFB /* Frameworks */ = {
			isa = PBXFrameworksBuildPhase;
			buildActionMask = 2147483647;
			files = (
				6A7B5EC066BE789ECE461CD7 /* Pods_ToDoApp_ToDoAppUITests.framework in Frameworks */,
			);
			runOnlyForDeploymentPostprocessing = 0;
		};
/* End PBXFrameworksBuildPhase section */

/* Begin PBXGroup section */
		1C8B943428A2E3CEBC4D7D13 /* Pods */ = {
			isa = PBXGroup;
			children = (
				B0C5FD0988A3736555A48A2B /* Pods-ToDoApp.debug.xcconfig */,
				84C8AFB8B2CB05EC780D4824 /* Pods-ToDoApp.release.xcconfig */,
				43DEA4A3D0BF8AB7A7691D53 /* Pods-ToDoApp-ToDoAppUITests.debug.xcconfig */,
				20354D6AB5FD030FE4A1CCEB /* Pods-ToDoApp-ToDoAppUITests.release.xcconfig */,
				DC0522943183D499B09A17DE /* Pods-ToDoAppTests.debug.xcconfig */,
				06674655A703A33B8C86B8AE /* Pods-ToDoAppTests.release.xcconfig */,
			);
			path = Pods;
			sourceTree = "<group>";
		};
		1D2AD80AEBC6CB56168AF732 /* Frameworks */ = {
			isa = PBXGroup;
			children = (
				2AF3AA29CADCBEA9B6BD5A29 /* Pods_ToDoApp.framework */,
				CFF5AE64CFDA0C3B02FB93E8 /* Pods_ToDoApp_ToDoAppUITests.framework */,
				C4C61EE8296706DFAFB52F8E /* Pods_ToDoAppTests.framework */,
			);
			name = Frameworks;
			sourceTree = "<group>";
		};
		8A1E2C4B2C20325900B0EEFB = {
			isa = PBXGroup;
			children = (
				8A1E2C562C20325900B0EEFB /* ToDoApp */,
				8A1E2C672C20325B00B0EEFB /* ToDoAppTests */,
				8A1E2C712C20325B00B0EEFB /* ToDoAppUITests */,
				8A1E2C552C20325900B0EEFB /* Products */,
				1C8B943428A2E3CEBC4D7D13 /* Pods */,
				1D2AD80AEBC6CB56168AF732 /* Frameworks */,
			);
			sourceTree = "<group>";
		};
		8A1E2C552C20325900B0EEFB /* Products */ = {
			isa = PBXGroup;
			children = (
				8A1E2C542C20325900B0EEFB /* ToDoApp.app */,
				8A1E2C642C20325B00B0EEFB /* ToDoAppTests.xctest */,
				8A1E2C6E2C20325B00B0EEFB /* ToDoAppUITests.xctest */,
			);
			name = Products;
			sourceTree = "<group>";
		};
		8A1E2C562C20325900B0EEFB /* ToDoApp */ = {
			isa = PBXGroup;
			children = (
				8A1E2C5B2C20325B00B0EEFB /* Assets.xcassets */,
				8A345D1C2C25FA08000A317C /* Enums */,
				8A345D1D2C25FA0E000A317C /* Extensions */,
				8A345D1E2C25FA16000A317C /* Features */,
				8A345D1F2C25FA1E000A317C /* Models */,
				8AF6E2E62C260DFF0097997A /* ViewModels */,
				8A345D202C25FA24000A317C /* Views */,
				8AF6E2EB2C26170A0097997A /* Components */,
				8A1E2C572C20325900B0EEFB /* ToDoAppApp.swift */,
				8A1E2C5D2C20325B00B0EEFB /* Preview Content */,
			);
			path = ToDoApp;
			sourceTree = "<group>";
		};
		8A1E2C5D2C20325B00B0EEFB /* Preview Content */ = {
			isa = PBXGroup;
			children = (
				8A1E2C5E2C20325B00B0EEFB /* Preview Assets.xcassets */,
			);
			path = "Preview Content";
			sourceTree = "<group>";
		};
		8A1E2C672C20325B00B0EEFB /* ToDoAppTests */ = {
			isa = PBXGroup;
			children = (
				8A1E2C682C20325B00B0EEFB /* ToDoAppTests.swift */,
			);
			path = ToDoAppTests;
			sourceTree = "<group>";
		};
		8A1E2C712C20325B00B0EEFB /* ToDoAppUITests */ = {
			isa = PBXGroup;
			children = (
				8A1E2C722C20325B00B0EEFB /* ToDoAppUITests.swift */,
				8A1E2C742C20325B00B0EEFB /* ToDoAppUITestsLaunchTests.swift */,
			);
			path = ToDoAppUITests;
			sourceTree = "<group>";
		};
		8A345D1C2C25FA08000A317C /* Enums */ = {
			isa = PBXGroup;
			children = (
				8A345D212C25FA51000A317C /* Importance.swift */,
				8A8381C62C29BCC200D0B4A9 /* FileExtension.swift */,
			);
			path = Enums;
			sourceTree = "<group>";
		};
		8A345D1D2C25FA0E000A317C /* Extensions */ = {
			isa = PBXGroup;
			children = (
				8A345D252C25FA9E000A317C /* TodoItem.Extension.swift */,
				8AF6E2F02C262DA70097997A /* View.Extension.swift */,
				8AF6E2F22C2638810097997A /* DateFormatter.Extension.swift */,
				8A47475F2C3D31EE0021EDBC /* Color.Extension.swift */,
				8A2D52F32C41A19600DD33F0 /* URLSession.Extension.swift */,
			);
			path = Extensions;
			sourceTree = "<group>";
		};
		8A345D1E2C25FA16000A317C /* Features */ = {
			isa = PBXGroup;
			children = (
			);
			path = Features;
			sourceTree = "<group>";
		};
		8A345D1F2C25FA1E000A317C /* Models */ = {
			isa = PBXGroup;
			children = (
				8A345D232C25FA7D000A317C /* TodoItem.swift */,
			);
			path = Models;
			sourceTree = "<group>";
		};
		8A345D202C25FA24000A317C /* Views */ = {
			isa = PBXGroup;
			children = (
				8A66BFE42C3BE7B900B86F16 /* iOS */,
				8A66BFE52C3BE7C100B86F16 /* iPadOS */,
				8A1E2C592C20325900B0EEFB /* HomeView.swift */,
				8A5C923A2C2806FF00DE5757 /* DetailTodoView.swift */,
				8AF6E2E92C2612BD0097997A /* TodoItemView.swift */,
			);
			path = Views;
			sourceTree = "<group>";
		};
		8A66BFE42C3BE7B900B86F16 /* iOS */ = {
			isa = PBXGroup;
			children = (
				8AF6E2E72C260E1B0097997A /* TodoListView.iOS.swift */,
			);
			path = iOS;
			sourceTree = "<group>";
		};
		8A66BFE52C3BE7C100B86F16 /* iPadOS */ = {
			isa = PBXGroup;
			children = (
				8A66BFE62C3BE89900B86F16 /* TodoListView.iPadOS.swift */,
			);
			path = iPadOS;
			sourceTree = "<group>";
		};
		8AF6E2E62C260DFF0097997A /* ViewModels */ = {
			isa = PBXGroup;
			children = (
				8AF4963A2C37266A00AA9393 /* DetailTodoViewModel.swift */,
				8AF3AEE12C37F55F00D207CD /* TodoListViewModel.swift */,
			);
			path = ViewModels;
			sourceTree = "<group>";
		};
		8AF6E2EB2C26170A0097997A /* Components */ = {
			isa = PBXGroup;
			children = (
				8AF6E2EC2C2617200097997A /* IsCompletedButton.swift */,
				8A5C92382C2728FD00DE5757 /* ImportancePicker.swift */,
				8A47475B2C3D300C0021EDBC /* ColorPicker.swift */,
				8A47475D2C3D30B50021EDBC /* Slider.swift */,
			);
			path = Components;
			sourceTree = "<group>";
		};
/* End PBXGroup section */

/* Begin PBXNativeTarget section */
		8A1E2C532C20325900B0EEFB /* ToDoApp */ = {
			isa = PBXNativeTarget;
			buildConfigurationList = 8A1E2C782C20325B00B0EEFB /* Build configuration list for PBXNativeTarget "ToDoApp" */;
			buildPhases = (
				5BBB4E840FA1FB6F3F1737F4 /* [CP] Check Pods Manifest.lock */,
				8A1E2C502C20325900B0EEFB /* Sources */,
				8A1E2C512C20325900B0EEFB /* Frameworks */,
				8A1E2C522C20325900B0EEFB /* Resources */,
			);
			buildRules = (
			);
			dependencies = (
			);
			name = ToDoApp;
			packageProductDependencies = (
				8A165A9C2C3EEBF900538BAF /* CocoaLumberjack */,
				8A165A9E2C3EEBF900538BAF /* CocoaLumberjackSwift */,
				8A2D52EB2C41986100DD33F0 /* FileCacheLibrary */,
			);
			productName = ToDoApp;
			productReference = 8A1E2C542C20325900B0EEFB /* ToDoApp.app */;
			productType = "com.apple.product-type.application";
		};
		8A1E2C632C20325B00B0EEFB /* ToDoAppTests */ = {
			isa = PBXNativeTarget;
			buildConfigurationList = 8A1E2C7B2C20325B00B0EEFB /* Build configuration list for PBXNativeTarget "ToDoAppTests" */;
			buildPhases = (
				0F23E4306C4B3D031D8AFD3E /* [CP] Check Pods Manifest.lock */,
				8A1E2C602C20325B00B0EEFB /* Sources */,
				8A1E2C612C20325B00B0EEFB /* Frameworks */,
				8A1E2C622C20325B00B0EEFB /* Resources */,
			);
			buildRules = (
			);
			dependencies = (
				8A1E2C662C20325B00B0EEFB /* PBXTargetDependency */,
			);
			name = ToDoAppTests;
			productName = ToDoAppTests;
			productReference = 8A1E2C642C20325B00B0EEFB /* ToDoAppTests.xctest */;
			productType = "com.apple.product-type.bundle.unit-test";
		};
		8A1E2C6D2C20325B00B0EEFB /* ToDoAppUITests */ = {
			isa = PBXNativeTarget;
			buildConfigurationList = 8A1E2C7E2C20325B00B0EEFB /* Build configuration list for PBXNativeTarget "ToDoAppUITests" */;
			buildPhases = (
				1A390CD576029AA7AEA2C819 /* [CP] Check Pods Manifest.lock */,
				8A1E2C6A2C20325B00B0EEFB /* Sources */,
				8A1E2C6B2C20325B00B0EEFB /* Frameworks */,
				8A1E2C6C2C20325B00B0EEFB /* Resources */,
			);
			buildRules = (
			);
			dependencies = (
				8A1E2C702C20325B00B0EEFB /* PBXTargetDependency */,
			);
			name = ToDoAppUITests;
			productName = ToDoAppUITests;
			productReference = 8A1E2C6E2C20325B00B0EEFB /* ToDoAppUITests.xctest */;
			productType = "com.apple.product-type.bundle.ui-testing";
		};
/* End PBXNativeTarget section */

/* Begin PBXProject section */
		8A1E2C4C2C20325900B0EEFB /* Project object */ = {
			isa = PBXProject;
			attributes = {
				BuildIndependentTargetsInParallel = 1;
				LastSwiftUpdateCheck = 1600;
				LastUpgradeCheck = 1600;
				TargetAttributes = {
					8A1E2C532C20325900B0EEFB = {
						CreatedOnToolsVersion = 16.0;
					};
					8A1E2C632C20325B00B0EEFB = {
						CreatedOnToolsVersion = 16.0;
						TestTargetID = 8A1E2C532C20325900B0EEFB;
					};
					8A1E2C6D2C20325B00B0EEFB = {
						CreatedOnToolsVersion = 16.0;
						TestTargetID = 8A1E2C532C20325900B0EEFB;
					};
				};
			};
			buildConfigurationList = 8A1E2C4F2C20325900B0EEFB /* Build configuration list for PBXProject "ToDoApp" */;
			compatibilityVersion = "Xcode 15.0";
			developmentRegion = en;
			hasScannedForEncodings = 0;
			knownRegions = (
				en,
				Base,
			);
			mainGroup = 8A1E2C4B2C20325900B0EEFB;
			packageReferences = (
				8A165A9B2C3EEBF900538BAF /* XCRemoteSwiftPackageReference "CocoaLumberjack" */,
				8A2D52EA2C41986100DD33F0 /* XCRemoteSwiftPackageReference "FileCacheLibrary" */,
			);
			productRefGroup = 8A1E2C552C20325900B0EEFB /* Products */;
			projectDirPath = "";
			projectRoot = "";
			targets = (
				8A1E2C532C20325900B0EEFB /* ToDoApp */,
				8A1E2C632C20325B00B0EEFB /* ToDoAppTests */,
				8A1E2C6D2C20325B00B0EEFB /* ToDoAppUITests */,
			);
		};
/* End PBXProject section */

/* Begin PBXResourcesBuildPhase section */
		8A1E2C522C20325900B0EEFB /* Resources */ = {
			isa = PBXResourcesBuildPhase;
			buildActionMask = 2147483647;
			files = (
				8A1E2C5F2C20325B00B0EEFB /* Preview Assets.xcassets in Resources */,
				8A1E2C5C2C20325B00B0EEFB /* Assets.xcassets in Resources */,
			);
			runOnlyForDeploymentPostprocessing = 0;
		};
		8A1E2C622C20325B00B0EEFB /* Resources */ = {
			isa = PBXResourcesBuildPhase;
			buildActionMask = 2147483647;
			files = (
			);
			runOnlyForDeploymentPostprocessing = 0;
		};
		8A1E2C6C2C20325B00B0EEFB /* Resources */ = {
			isa = PBXResourcesBuildPhase;
			buildActionMask = 2147483647;
			files = (
			);
			runOnlyForDeploymentPostprocessing = 0;
		};
/* End PBXResourcesBuildPhase section */

/* Begin PBXShellScriptBuildPhase section */
		0F23E4306C4B3D031D8AFD3E /* [CP] Check Pods Manifest.lock */ = {
			isa = PBXShellScriptBuildPhase;
			buildActionMask = 2147483647;
			files = (
			);
			inputFileListPaths = (
			);
			inputPaths = (
				"${PODS_PODFILE_DIR_PATH}/Podfile.lock",
				"${PODS_ROOT}/Manifest.lock",
			);
			name = "[CP] Check Pods Manifest.lock";
			outputFileListPaths = (
			);
			outputPaths = (
				"$(DERIVED_FILE_DIR)/Pods-ToDoAppTests-checkManifestLockResult.txt",
			);
			runOnlyForDeploymentPostprocessing = 0;
			shellPath = /bin/sh;
			shellScript = "diff \"${PODS_PODFILE_DIR_PATH}/Podfile.lock\" \"${PODS_ROOT}/Manifest.lock\" > /dev/null\nif [ $? != 0 ] ; then\n    # print error to STDERR\n    echo \"error: The sandbox is not in sync with the Podfile.lock. Run 'pod install' or update your CocoaPods installation.\" >&2\n    exit 1\nfi\n# This output is used by Xcode 'outputs' to avoid re-running this script phase.\necho \"SUCCESS\" > \"${SCRIPT_OUTPUT_FILE_0}\"\n";
			showEnvVarsInLog = 0;
		};
		1A390CD576029AA7AEA2C819 /* [CP] Check Pods Manifest.lock */ = {
			isa = PBXShellScriptBuildPhase;
			buildActionMask = 2147483647;
			files = (
			);
			inputFileListPaths = (
			);
			inputPaths = (
				"${PODS_PODFILE_DIR_PATH}/Podfile.lock",
				"${PODS_ROOT}/Manifest.lock",
			);
			name = "[CP] Check Pods Manifest.lock";
			outputFileListPaths = (
			);
			outputPaths = (
				"$(DERIVED_FILE_DIR)/Pods-ToDoApp-ToDoAppUITests-checkManifestLockResult.txt",
			);
			runOnlyForDeploymentPostprocessing = 0;
			shellPath = /bin/sh;
			shellScript = "diff \"${PODS_PODFILE_DIR_PATH}/Podfile.lock\" \"${PODS_ROOT}/Manifest.lock\" > /dev/null\nif [ $? != 0 ] ; then\n    # print error to STDERR\n    echo \"error: The sandbox is not in sync with the Podfile.lock. Run 'pod install' or update your CocoaPods installation.\" >&2\n    exit 1\nfi\n# This output is used by Xcode 'outputs' to avoid re-running this script phase.\necho \"SUCCESS\" > \"${SCRIPT_OUTPUT_FILE_0}\"\n";
			showEnvVarsInLog = 0;
		};
		5BBB4E840FA1FB6F3F1737F4 /* [CP] Check Pods Manifest.lock */ = {
			isa = PBXShellScriptBuildPhase;
			buildActionMask = 2147483647;
			files = (
			);
			inputFileListPaths = (
			);
			inputPaths = (
				"${PODS_PODFILE_DIR_PATH}/Podfile.lock",
				"${PODS_ROOT}/Manifest.lock",
			);
			name = "[CP] Check Pods Manifest.lock";
			outputFileListPaths = (
			);
			outputPaths = (
				"$(DERIVED_FILE_DIR)/Pods-ToDoApp-checkManifestLockResult.txt",
			);
			runOnlyForDeploymentPostprocessing = 0;
			shellPath = /bin/sh;
			shellScript = "diff \"${PODS_PODFILE_DIR_PATH}/Podfile.lock\" \"${PODS_ROOT}/Manifest.lock\" > /dev/null\nif [ $? != 0 ] ; then\n    # print error to STDERR\n    echo \"error: The sandbox is not in sync with the Podfile.lock. Run 'pod install' or update your CocoaPods installation.\" >&2\n    exit 1\nfi\n# This output is used by Xcode 'outputs' to avoid re-running this script phase.\necho \"SUCCESS\" > \"${SCRIPT_OUTPUT_FILE_0}\"\n";
			showEnvVarsInLog = 0;
		};
/* End PBXShellScriptBuildPhase section */

/* Begin PBXSourcesBuildPhase section */
		8A1E2C502C20325900B0EEFB /* Sources */ = {
			isa = PBXSourcesBuildPhase;
			buildActionMask = 2147483647;
			files = (
				8AF3AEE22C37F55F00D207CD /* TodoListViewModel.swift in Sources */,
				8A8381C72C29BCC200D0B4A9 /* FileExtension.swift in Sources */,
				8A4747602C3D31EE0021EDBC /* Color.Extension.swift in Sources */,
				8A345D262C25FA9E000A317C /* TodoItem.Extension.swift in Sources */,
				8A345D222C25FA51000A317C /* Importance.swift in Sources */,
				8A1E2C5A2C20325900B0EEFB /* HomeView.swift in Sources */,
				8A2D52F42C41A19600DD33F0 /* URLSession.Extension.swift in Sources */,
				8A47475C2C3D300C0021EDBC /* ColorPicker.swift in Sources */,
				8AF6E2F12C262DA70097997A /* View.Extension.swift in Sources */,
				8AF6E2F32C2638810097997A /* DateFormatter.Extension.swift in Sources */,
				8A66BFE72C3BE89900B86F16 /* TodoListView.iPadOS.swift in Sources */,
				8A47475E2C3D30B50021EDBC /* Slider.swift in Sources */,
				8AF4963B2C37266A00AA9393 /* DetailTodoViewModel.swift in Sources */,
				8A5C92392C2728FD00DE5757 /* ImportancePicker.swift in Sources */,
				8AF6E2E82C260E1B0097997A /* TodoListView.iOS.swift in Sources */,
				8A5C923B2C2806FF00DE5757 /* DetailTodoView.swift in Sources */,
				8A345D242C25FA7D000A317C /* TodoItem.swift in Sources */,
				8AF6E2EA2C2612BD0097997A /* TodoItemView.swift in Sources */,
				8AF6E2ED2C2617200097997A /* IsCompletedButton.swift in Sources */,
				8A1E2C582C20325900B0EEFB /* ToDoAppApp.swift in Sources */,
			);
			runOnlyForDeploymentPostprocessing = 0;
		};
		8A1E2C602C20325B00B0EEFB /* Sources */ = {
			isa = PBXSourcesBuildPhase;
			buildActionMask = 2147483647;
			files = (
				8A1E2C692C20325B00B0EEFB /* ToDoAppTests.swift in Sources */,
			);
			runOnlyForDeploymentPostprocessing = 0;
		};
		8A1E2C6A2C20325B00B0EEFB /* Sources */ = {
			isa = PBXSourcesBuildPhase;
			buildActionMask = 2147483647;
			files = (
				8A1E2C752C20325B00B0EEFB /* ToDoAppUITestsLaunchTests.swift in Sources */,
				8A1E2C732C20325B00B0EEFB /* ToDoAppUITests.swift in Sources */,
			);
			runOnlyForDeploymentPostprocessing = 0;
		};
/* End PBXSourcesBuildPhase section */

/* Begin PBXTargetDependency section */
		8A1E2C662C20325B00B0EEFB /* PBXTargetDependency */ = {
			isa = PBXTargetDependency;
			target = 8A1E2C532C20325900B0EEFB /* ToDoApp */;
			targetProxy = 8A1E2C652C20325B00B0EEFB /* PBXContainerItemProxy */;
		};
		8A1E2C702C20325B00B0EEFB /* PBXTargetDependency */ = {
			isa = PBXTargetDependency;
			target = 8A1E2C532C20325900B0EEFB /* ToDoApp */;
			targetProxy = 8A1E2C6F2C20325B00B0EEFB /* PBXContainerItemProxy */;
		};
/* End PBXTargetDependency section */

/* Begin XCBuildConfiguration section */
		8A1E2C762C20325B00B0EEFB /* Debug */ = {
			isa = XCBuildConfiguration;
			buildSettings = {
				ALWAYS_SEARCH_USER_PATHS = NO;
				ASSETCATALOG_COMPILER_GENERATE_SWIFT_ASSET_SYMBOL_EXTENSIONS = YES;
				CLANG_ANALYZER_NONNULL = YES;
				CLANG_ANALYZER_NUMBER_OBJECT_CONVERSION = YES_AGGRESSIVE;
				CLANG_CXX_LANGUAGE_STANDARD = "gnu++20";
				CLANG_ENABLE_MODULES = YES;
				CLANG_ENABLE_OBJC_ARC = YES;
				CLANG_ENABLE_OBJC_WEAK = YES;
				CLANG_WARN_BLOCK_CAPTURE_AUTORELEASING = YES;
				CLANG_WARN_BOOL_CONVERSION = YES;
				CLANG_WARN_COMMA = YES;
				CLANG_WARN_CONSTANT_CONVERSION = YES;
				CLANG_WARN_DEPRECATED_OBJC_IMPLEMENTATIONS = YES;
				CLANG_WARN_DIRECT_OBJC_ISA_USAGE = YES_ERROR;
				CLANG_WARN_DOCUMENTATION_COMMENTS = YES;
				CLANG_WARN_EMPTY_BODY = YES;
				CLANG_WARN_ENUM_CONVERSION = YES;
				CLANG_WARN_INFINITE_RECURSION = YES;
				CLANG_WARN_INT_CONVERSION = YES;
				CLANG_WARN_NON_LITERAL_NULL_CONVERSION = YES;
				CLANG_WARN_OBJC_IMPLICIT_RETAIN_SELF = YES;
				CLANG_WARN_OBJC_LITERAL_CONVERSION = YES;
				CLANG_WARN_OBJC_ROOT_CLASS = YES_ERROR;
				CLANG_WARN_QUOTED_INCLUDE_IN_FRAMEWORK_HEADER = YES;
				CLANG_WARN_RANGE_LOOP_ANALYSIS = YES;
				CLANG_WARN_STRICT_PROTOTYPES = YES;
				CLANG_WARN_SUSPICIOUS_MOVE = YES;
				CLANG_WARN_UNGUARDED_AVAILABILITY = YES_AGGRESSIVE;
				CLANG_WARN_UNREACHABLE_CODE = YES;
				CLANG_WARN__DUPLICATE_METHOD_MATCH = YES;
				COPY_PHASE_STRIP = NO;
				DEBUG_INFORMATION_FORMAT = dwarf;
				ENABLE_STRICT_OBJC_MSGSEND = YES;
				ENABLE_TESTABILITY = YES;
				ENABLE_USER_SCRIPT_SANDBOXING = YES;
				GCC_C_LANGUAGE_STANDARD = gnu17;
				GCC_DYNAMIC_NO_PIC = NO;
				GCC_NO_COMMON_BLOCKS = YES;
				GCC_OPTIMIZATION_LEVEL = 0;
				GCC_PREPROCESSOR_DEFINITIONS = (
					"DEBUG=1",
					"$(inherited)",
				);
				GCC_WARN_64_TO_32_BIT_CONVERSION = YES;
				GCC_WARN_ABOUT_RETURN_TYPE = YES_ERROR;
				GCC_WARN_UNDECLARED_SELECTOR = YES;
				GCC_WARN_UNINITIALIZED_AUTOS = YES_AGGRESSIVE;
				GCC_WARN_UNUSED_FUNCTION = YES;
				GCC_WARN_UNUSED_VARIABLE = YES;
				IPHONEOS_DEPLOYMENT_TARGET = 18.0;
				LOCALIZATION_PREFERS_STRING_CATALOGS = YES;
				MTL_ENABLE_DEBUG_INFO = INCLUDE_SOURCE;
				MTL_FAST_MATH = YES;
				ONLY_ACTIVE_ARCH = YES;
				SDKROOT = iphoneos;
				SWIFT_ACTIVE_COMPILATION_CONDITIONS = "DEBUG $(inherited)";
				SWIFT_OPTIMIZATION_LEVEL = "-Onone";
			};
			name = Debug;
		};
		8A1E2C772C20325B00B0EEFB /* Release */ = {
			isa = XCBuildConfiguration;
			buildSettings = {
				ALWAYS_SEARCH_USER_PATHS = NO;
				ASSETCATALOG_COMPILER_GENERATE_SWIFT_ASSET_SYMBOL_EXTENSIONS = YES;
				CLANG_ANALYZER_NONNULL = YES;
				CLANG_ANALYZER_NUMBER_OBJECT_CONVERSION = YES_AGGRESSIVE;
				CLANG_CXX_LANGUAGE_STANDARD = "gnu++20";
				CLANG_ENABLE_MODULES = YES;
				CLANG_ENABLE_OBJC_ARC = YES;
				CLANG_ENABLE_OBJC_WEAK = YES;
				CLANG_WARN_BLOCK_CAPTURE_AUTORELEASING = YES;
				CLANG_WARN_BOOL_CONVERSION = YES;
				CLANG_WARN_COMMA = YES;
				CLANG_WARN_CONSTANT_CONVERSION = YES;
				CLANG_WARN_DEPRECATED_OBJC_IMPLEMENTATIONS = YES;
				CLANG_WARN_DIRECT_OBJC_ISA_USAGE = YES_ERROR;
				CLANG_WARN_DOCUMENTATION_COMMENTS = YES;
				CLANG_WARN_EMPTY_BODY = YES;
				CLANG_WARN_ENUM_CONVERSION = YES;
				CLANG_WARN_INFINITE_RECURSION = YES;
				CLANG_WARN_INT_CONVERSION = YES;
				CLANG_WARN_NON_LITERAL_NULL_CONVERSION = YES;
				CLANG_WARN_OBJC_IMPLICIT_RETAIN_SELF = YES;
				CLANG_WARN_OBJC_LITERAL_CONVERSION = YES;
				CLANG_WARN_OBJC_ROOT_CLASS = YES_ERROR;
				CLANG_WARN_QUOTED_INCLUDE_IN_FRAMEWORK_HEADER = YES;
				CLANG_WARN_RANGE_LOOP_ANALYSIS = YES;
				CLANG_WARN_STRICT_PROTOTYPES = YES;
				CLANG_WARN_SUSPICIOUS_MOVE = YES;
				CLANG_WARN_UNGUARDED_AVAILABILITY = YES_AGGRESSIVE;
				CLANG_WARN_UNREACHABLE_CODE = YES;
				CLANG_WARN__DUPLICATE_METHOD_MATCH = YES;
				COPY_PHASE_STRIP = NO;
				DEBUG_INFORMATION_FORMAT = "dwarf-with-dsym";
				ENABLE_NS_ASSERTIONS = NO;
				ENABLE_STRICT_OBJC_MSGSEND = YES;
				ENABLE_USER_SCRIPT_SANDBOXING = YES;
				GCC_C_LANGUAGE_STANDARD = gnu17;
				GCC_NO_COMMON_BLOCKS = YES;
				GCC_WARN_64_TO_32_BIT_CONVERSION = YES;
				GCC_WARN_ABOUT_RETURN_TYPE = YES_ERROR;
				GCC_WARN_UNDECLARED_SELECTOR = YES;
				GCC_WARN_UNINITIALIZED_AUTOS = YES_AGGRESSIVE;
				GCC_WARN_UNUSED_FUNCTION = YES;
				GCC_WARN_UNUSED_VARIABLE = YES;
				IPHONEOS_DEPLOYMENT_TARGET = 18.0;
				LOCALIZATION_PREFERS_STRING_CATALOGS = YES;
				MTL_ENABLE_DEBUG_INFO = NO;
				MTL_FAST_MATH = YES;
				SDKROOT = iphoneos;
				SWIFT_COMPILATION_MODE = wholemodule;
				VALIDATE_PRODUCT = YES;
			};
			name = Release;
		};
		8A1E2C792C20325B00B0EEFB /* Debug */ = {
			isa = XCBuildConfiguration;
			baseConfigurationReference = B0C5FD0988A3736555A48A2B /* Pods-ToDoApp.debug.xcconfig */;
			buildSettings = {
				ASSETCATALOG_COMPILER_APPICON_NAME = AppIcon;
				ASSETCATALOG_COMPILER_GLOBAL_ACCENT_COLOR_NAME = AccentColor;
				CODE_SIGN_STYLE = Automatic;
				CURRENT_PROJECT_VERSION = 1;
				DEVELOPMENT_ASSET_PATHS = "\"ToDoApp/Preview Content\"";
				DEVELOPMENT_TEAM = U8B83989B5;
				ENABLE_PREVIEWS = YES;
				GENERATE_INFOPLIST_FILE = YES;
				INFOPLIST_KEY_UIApplicationSceneManifest_Generation = YES;
				INFOPLIST_KEY_UIApplicationSupportsIndirectInputEvents = YES;
				INFOPLIST_KEY_UILaunchScreen_Generation = YES;
				INFOPLIST_KEY_UISupportedInterfaceOrientations_iPad = "UIInterfaceOrientationPortrait UIInterfaceOrientationPortraitUpsideDown UIInterfaceOrientationLandscapeLeft UIInterfaceOrientationLandscapeRight";
				INFOPLIST_KEY_UISupportedInterfaceOrientations_iPhone = "UIInterfaceOrientationPortrait UIInterfaceOrientationLandscapeLeft UIInterfaceOrientationLandscapeRight";
				IPHONEOS_DEPLOYMENT_TARGET = 17.0;
				LD_RUNPATH_SEARCH_PATHS = (
					"$(inherited)",
					"@executable_path/Frameworks",
				);
				MARKETING_VERSION = 1.0;
				PRODUCT_BUNDLE_IDENTIFIER = noh4uk.ToDoApp;
				PRODUCT_NAME = "$(TARGET_NAME)";
				SWIFT_EMIT_LOC_STRINGS = YES;
				SWIFT_VERSION = 5.0;
				TARGETED_DEVICE_FAMILY = "1,2";
			};
			name = Debug;
		};
		8A1E2C7A2C20325B00B0EEFB /* Release */ = {
			isa = XCBuildConfiguration;
			baseConfigurationReference = 84C8AFB8B2CB05EC780D4824 /* Pods-ToDoApp.release.xcconfig */;
			buildSettings = {
				ASSETCATALOG_COMPILER_APPICON_NAME = AppIcon;
				ASSETCATALOG_COMPILER_GLOBAL_ACCENT_COLOR_NAME = AccentColor;
				CODE_SIGN_STYLE = Automatic;
				CURRENT_PROJECT_VERSION = 1;
				DEVELOPMENT_ASSET_PATHS = "\"ToDoApp/Preview Content\"";
				DEVELOPMENT_TEAM = U8B83989B5;
				ENABLE_PREVIEWS = YES;
				GENERATE_INFOPLIST_FILE = YES;
				INFOPLIST_KEY_UIApplicationSceneManifest_Generation = YES;
				INFOPLIST_KEY_UIApplicationSupportsIndirectInputEvents = YES;
				INFOPLIST_KEY_UILaunchScreen_Generation = YES;
				INFOPLIST_KEY_UISupportedInterfaceOrientations_iPad = "UIInterfaceOrientationPortrait UIInterfaceOrientationPortraitUpsideDown UIInterfaceOrientationLandscapeLeft UIInterfaceOrientationLandscapeRight";
				INFOPLIST_KEY_UISupportedInterfaceOrientations_iPhone = "UIInterfaceOrientationPortrait UIInterfaceOrientationLandscapeLeft UIInterfaceOrientationLandscapeRight";
				IPHONEOS_DEPLOYMENT_TARGET = 17.0;
				LD_RUNPATH_SEARCH_PATHS = (
					"$(inherited)",
					"@executable_path/Frameworks",
				);
				MARKETING_VERSION = 1.0;
				PRODUCT_BUNDLE_IDENTIFIER = noh4uk.ToDoApp;
				PRODUCT_NAME = "$(TARGET_NAME)";
				SWIFT_EMIT_LOC_STRINGS = YES;
				SWIFT_VERSION = 5.0;
				TARGETED_DEVICE_FAMILY = "1,2";
			};
			name = Release;
		};
		8A1E2C7C2C20325B00B0EEFB /* Debug */ = {
			isa = XCBuildConfiguration;
			baseConfigurationReference = DC0522943183D499B09A17DE /* Pods-ToDoAppTests.debug.xcconfig */;
			buildSettings = {
				BUNDLE_LOADER = "$(TEST_HOST)";
				CODE_SIGN_STYLE = Automatic;
				CURRENT_PROJECT_VERSION = 1;
				DEVELOPMENT_TEAM = U8B83989B5;
				GENERATE_INFOPLIST_FILE = YES;
				IPHONEOS_DEPLOYMENT_TARGET = 18.0;
				MARKETING_VERSION = 1.0;
				PRODUCT_BUNDLE_IDENTIFIER = noh4uk.ToDoAppTests;
				PRODUCT_NAME = "$(TARGET_NAME)";
				SWIFT_EMIT_LOC_STRINGS = NO;
				SWIFT_VERSION = 5.0;
				TARGETED_DEVICE_FAMILY = "1,2";
				TEST_HOST = "$(BUILT_PRODUCTS_DIR)/ToDoApp.app/$(BUNDLE_EXECUTABLE_FOLDER_PATH)/ToDoApp";
			};
			name = Debug;
		};
		8A1E2C7D2C20325B00B0EEFB /* Release */ = {
			isa = XCBuildConfiguration;
			baseConfigurationReference = 06674655A703A33B8C86B8AE /* Pods-ToDoAppTests.release.xcconfig */;
			buildSettings = {
				BUNDLE_LOADER = "$(TEST_HOST)";
				CODE_SIGN_STYLE = Automatic;
				CURRENT_PROJECT_VERSION = 1;
				DEVELOPMENT_TEAM = U8B83989B5;
				GENERATE_INFOPLIST_FILE = YES;
				IPHONEOS_DEPLOYMENT_TARGET = 18.0;
				MARKETING_VERSION = 1.0;
				PRODUCT_BUNDLE_IDENTIFIER = noh4uk.ToDoAppTests;
				PRODUCT_NAME = "$(TARGET_NAME)";
				SWIFT_EMIT_LOC_STRINGS = NO;
				SWIFT_VERSION = 5.0;
				TARGETED_DEVICE_FAMILY = "1,2";
				TEST_HOST = "$(BUILT_PRODUCTS_DIR)/ToDoApp.app/$(BUNDLE_EXECUTABLE_FOLDER_PATH)/ToDoApp";
			};
			name = Release;
		};
		8A1E2C7F2C20325B00B0EEFB /* Debug */ = {
			isa = XCBuildConfiguration;
			baseConfigurationReference = 43DEA4A3D0BF8AB7A7691D53 /* Pods-ToDoApp-ToDoAppUITests.debug.xcconfig */;
			buildSettings = {
				CODE_SIGN_STYLE = Automatic;
				CURRENT_PROJECT_VERSION = 1;
				DEVELOPMENT_TEAM = U8B83989B5;
				GENERATE_INFOPLIST_FILE = YES;
				MARKETING_VERSION = 1.0;
				PRODUCT_BUNDLE_IDENTIFIER = noh4uk.ToDoAppUITests;
				PRODUCT_NAME = "$(TARGET_NAME)";
				SWIFT_EMIT_LOC_STRINGS = NO;
				SWIFT_VERSION = 5.0;
				TARGETED_DEVICE_FAMILY = "1,2";
				TEST_TARGET_NAME = ToDoApp;
			};
			name = Debug;
		};
		8A1E2C802C20325B00B0EEFB /* Release */ = {
			isa = XCBuildConfiguration;
			baseConfigurationReference = 20354D6AB5FD030FE4A1CCEB /* Pods-ToDoApp-ToDoAppUITests.release.xcconfig */;
			buildSettings = {
				CODE_SIGN_STYLE = Automatic;
				CURRENT_PROJECT_VERSION = 1;
				DEVELOPMENT_TEAM = U8B83989B5;
				GENERATE_INFOPLIST_FILE = YES;
				MARKETING_VERSION = 1.0;
				PRODUCT_BUNDLE_IDENTIFIER = noh4uk.ToDoAppUITests;
				PRODUCT_NAME = "$(TARGET_NAME)";
				SWIFT_EMIT_LOC_STRINGS = NO;
				SWIFT_VERSION = 5.0;
				TARGETED_DEVICE_FAMILY = "1,2";
				TEST_TARGET_NAME = ToDoApp;
			};
			name = Release;
		};
/* End XCBuildConfiguration section */

/* Begin XCConfigurationList section */
		8A1E2C4F2C20325900B0EEFB /* Build configuration list for PBXProject "ToDoApp" */ = {
			isa = XCConfigurationList;
			buildConfigurations = (
				8A1E2C762C20325B00B0EEFB /* Debug */,
				8A1E2C772C20325B00B0EEFB /* Release */,
			);
			defaultConfigurationIsVisible = 0;
			defaultConfigurationName = Release;
		};
		8A1E2C782C20325B00B0EEFB /* Build configuration list for PBXNativeTarget "ToDoApp" */ = {
			isa = XCConfigurationList;
			buildConfigurations = (
				8A1E2C792C20325B00B0EEFB /* Debug */,
				8A1E2C7A2C20325B00B0EEFB /* Release */,
			);
			defaultConfigurationIsVisible = 0;
			defaultConfigurationName = Release;
		};
		8A1E2C7B2C20325B00B0EEFB /* Build configuration list for PBXNativeTarget "ToDoAppTests" */ = {
			isa = XCConfigurationList;
			buildConfigurations = (
				8A1E2C7C2C20325B00B0EEFB /* Debug */,
				8A1E2C7D2C20325B00B0EEFB /* Release */,
			);
			defaultConfigurationIsVisible = 0;
			defaultConfigurationName = Release;
		};
		8A1E2C7E2C20325B00B0EEFB /* Build configuration list for PBXNativeTarget "ToDoAppUITests" */ = {
			isa = XCConfigurationList;
			buildConfigurations = (
				8A1E2C7F2C20325B00B0EEFB /* Debug */,
				8A1E2C802C20325B00B0EEFB /* Release */,
			);
			defaultConfigurationIsVisible = 0;
			defaultConfigurationName = Release;
		};
/* End XCConfigurationList section */

/* Begin XCRemoteSwiftPackageReference section */
		8A165A9B2C3EEBF900538BAF /* XCRemoteSwiftPackageReference "CocoaLumberjack" */ = {
			isa = XCRemoteSwiftPackageReference;
			repositoryURL = "https://github.com/CocoaLumberjack/CocoaLumberjack";
			requirement = {
				kind = upToNextMajorVersion;
				minimumVersion = 3.8.5;
			};
		};
		8A2D52EA2C41986100DD33F0 /* XCRemoteSwiftPackageReference "FileCacheLibrary" */ = {
			isa = XCRemoteSwiftPackageReference;
			repositoryURL = "https://github.com/noH4uK90/FileCacheLibrary";
			requirement = {
				kind = upToNextMajorVersion;
				minimumVersion = 1.0.0;
			};
		};
/* End XCRemoteSwiftPackageReference section */

/* Begin XCSwiftPackageProductDependency section */
		8A165A9C2C3EEBF900538BAF /* CocoaLumberjack */ = {
			isa = XCSwiftPackageProductDependency;
			package = 8A165A9B2C3EEBF900538BAF /* XCRemoteSwiftPackageReference "CocoaLumberjack" */;
			productName = CocoaLumberjack;
		};
		8A165A9E2C3EEBF900538BAF /* CocoaLumberjackSwift */ = {
			isa = XCSwiftPackageProductDependency;
			package = 8A165A9B2C3EEBF900538BAF /* XCRemoteSwiftPackageReference "CocoaLumberjack" */;
			productName = CocoaLumberjackSwift;
		};
		8A2D52EB2C41986100DD33F0 /* FileCacheLibrary */ = {
			isa = XCSwiftPackageProductDependency;
			package = 8A2D52EA2C41986100DD33F0 /* XCRemoteSwiftPackageReference "FileCacheLibrary" */;
			productName = FileCacheLibrary;
		};
/* End XCSwiftPackageProductDependency section */
	};
	rootObject = 8A1E2C4C2C20325900B0EEFB /* Project object */;
}
